
Microsoft Visual Studio Solution File, Format Version 12.00
# Visual Studio for Mac
Project("{FAE04EC0-301F-11D3-BF4B-00C04F79EFBC}") = "sdk", "sdk.csproj", "{32388118-AD62-913E-05A9-E2FC03FC675F}"
EndProject
Project("{FAE04EC0-301F-11D3-BF4B-00C04F79EFBC}") = "sdk.Editor", "sdk.Editor.csproj", "{A235C66C-D3A5-0635-90D9-AB8E356A174C}"
EndProject
Global
	GlobalSection(SolutionConfigurationPlatforms) = preSolution
		Debug|Any CPU = Debug|Any CPU
		Release|Any CPU = Release|Any CPU
	EndGlobalSection
	GlobalSection(ProjectConfigurationPlatforms) = postSolution
		{32388118-AD62-913E-05A9-E2FC03FC675F}.Debug|Any CPU.ActiveCfg = Debug|Any CPU
		{32388118-AD62-913E-05A9-E2FC03FC675F}.Debug|Any CPU.Build.0 = Debug|Any CPU
		{32388118-AD62-913E-05A9-E2FC03FC675F}.Release|Any CPU.ActiveCfg = Release|Any CPU
		{32388118-AD62-913E-05A9-E2FC03FC675F}.Release|Any CPU.Build.0 = Release|Any CPU
		{A235C66C-D3A5-0635-90D9-AB8E356A174C}.Debug|Any CPU.ActiveCfg = Debug|Any CPU
		{A235C66C-D3A5-0635-90D9-AB8E356A174C}.Debug|Any CPU.Build.0 = Debug|Any CPU
		{A235C66C-D3A5-0635-90D9-AB8E356A174C}.Release|Any CPU.ActiveCfg = Release|Any CPU
		{A235C66C-D3A5-0635-90D9-AB8E356A174C}.Release|Any CPU.Build.0 = Release|Any CPU
	EndGlobalSection
	GlobalSection(SolutionProperties) = preSolution
		HideSolutionNode = FALSE
	EndGlobalSection
EndGlobal
